dependencies:
  espressif/cmake_utilities:
    component_hash: 05165f30922b422b4b90c08845e6d449329b97370fbd06309803d8cb539d79e3
    dependencies:
    - name: idf
      require: private
      version: '>=4.1'
    source:
      registry_url: https://components.espressif.com
      type: service
    version: 1.1.1
  espressif/esp_new_jpeg:
    component_hash: e1e7e6991193c41ed6c9fc386702aa7821433319e7aa9c3147cd3236310cd69c
    dependencies: []
    source:
      registry_url: https://components.espressif.com/
      type: service
    targets:
    - esp32
    - esp32s2
    - esp32s3
    - esp32s31
    - esp32p4
    - esp32c2
    - esp32c3
    - esp32c5
    - esp32c6
    - esp32c61
    - esp32h4
    version: 1.0.2
  espressif/i2c_bus:
    component_hash: 483112c1619c54c38d0b734fb25f1678733267858a77b7af2f48cc7db6dbbd84
    dependencies:
    - name: espressif/cmake_utilities
      registry_url: https://components.espressif.com
      require: private
      version: '*'
    - name: idf
      require: private
      version: '>=4.0'
    source:
      registry_url: https://components.espressif.com
      type: service
    version: 1.5.2
  idf:
    source:
      type: idf
    version: 5.5.4
  m5stack/m5gfx:
    component_hash: 8e19e000cfb2724e55040392cc2a461a2aa4ad217978b7d4b7465bca4149d12f
    dependencies: []
    source:
      registry_url: https://components.espressif.com/
      type: service
    version: 0.2.24
  m5stack/m5pm1:
    component_hash: 731f79d0629e245787440f5419aac5d7a82befeb25f97689d6a2d0331a24a72d
    dependencies:
    - name: espressif/i2c_bus
      registry_url: https://components.espressif.com
      require: public
      version: ^1.0.0
    - name: idf
      require: private
      version: '>=4.4'
    source:
      registry_url: https://components.espressif.com/
      type: service
    version: 1.0.7
direct_dependencies:
- espressif/esp_new_jpeg
- idf
- m5stack/m5gfx
- m5stack/m5pm1
manifest_hash: 844debe82cf43165501704c501d1851532eddce4300d2c1449f07abfd77c9557
target: esp32s3
version: 2.0.0
